
Microsoft Visual Studio Solution File, Format Version 12.00
# Visual Studio Version 16
VisualStudioVersion = 16.0.31424.327
MinimumVisualStudioVersion = 10.0.40219.1
Project("{FAE04EC0-301F-11D3-BF4B-00C04F79EFBC}") = "Activity 1", "Activity 1\Activity 1.csproj", "{0DB7FB0A-30F2-4B5B-8CF7-630AE938FB2E}"
EndProject
Global
	GlobalSection(SolutionConfigurationPlatforms) = preSolution
		Debug|Any CPU = Debug|Any CPU
		Release|Any CPU = Release|Any CPU
	EndGlobalSection
	GlobalSection(ProjectConfigurationPlatforms) = postSolution
		{0DB7FB0A-30F2-4B5B-8CF7-630AE938FB2E}.Debug|Any CPU.ActiveCfg = Debug|Any CPU
		{0DB7FB0A-30F2-4B5B-8CF7-630AE938FB2E}.Debug|Any CPU.Build.0 = Debug|Any CPU
		{0DB7FB0A-30F2-4B5B-8CF7-630AE938FB2E}.Release|Any CPU.ActiveCfg = Release|Any CPU
		{0DB7FB0A-30F2-4B5B-8CF7-630AE938FB2E}.Release|Any CPU.Build.0 = Release|Any CPU
	EndGlobalSection
	GlobalSection(SolutionProperties) = preSolution
		HideSolutionNode = FALSE
	EndGlobalSection
	GlobalSection(ExtensibilityGlobals) = postSolution
		SolutionGuid = {FFCE7CFA-53EE-43AE-A6FF-9A89F713128B}
	EndGlobalSection
EndGlobal
